// !$*UTF8*$!
{
	archiveVersion = 1;
	classes = {
	};
	objectVersion = 50;
	objects = {

/* Begin PBXBuildFile section */
		9139FCAB46DF24CCD48B2D26 /* Pods_AirportFinder.framework in Frameworks */ = {isa = PBXBuildFile; fileRef = A057B2F27A9B0C9325B9605A /* Pods_AirportFinder.framework */; };
		939D60BA22948EE700E70B60 /* Airports.txt in Resources */ = {isa = PBXBuildFile; fileRef = 939D60B922948EE700E70B60 /* Airports.txt */; };
		939D60BE2294985000E70B60 /* AirportDetailsTableViewController.swift in Sources */ = {isa = PBXBuildFile; fileRef = 939D60BD2294985000E70B60 /* AirportDetailsTableViewController.swift */; };
		939D60C12294986E00E70B60 /* AirportDetailsTableViewModel.swift in Sources */ = {isa = PBXBuildFile; fileRef = 939D60C02294986E00E70B60 /* AirportDetailsTableViewModel.swift */; };
		939D60C42294990300E70B60 /* AirportDetailsTableViewCell.swift in Sources */ = {isa = PBXBuildFile; fileRef = 939D60C32294990300E70B60 /* AirportDetailsTableViewCell.swift */; };
		939D60C72294992F00E70B60 /* AirportDetailsTableModel.swift in Sources */ = {isa = PBXBuildFile; fileRef = 939D60C62294992F00E70B60 /* AirportDetailsTableModel.swift */; };
		939D60C92294997500E70B60 /* AirportDetailsTableCellViewModel.swift in Sources */ = {isa = PBXBuildFile; fileRef = 939D60C82294997500E70B60 /* AirportDetailsTableCellViewModel.swift */; };
		93C820852294584600531116 /* AppDelegate.swift in Sources */ = {isa = PBXBuildFile; fileRef = 93C820842294584600531116 /* AppDelegate.swift */; };
		93C820872294584600531116 /* AirportTableViewController.swift in Sources */ = {isa = PBXBuildFile; fileRef = 93C820862294584600531116 /* AirportTableViewController.swift */; };
		93C8208A2294584600531116 /* Main.storyboard in Resources */ = {isa = PBXBuildFile; fileRef = 93C820882294584600531116 /* Main.storyboard */; };
		93C8208C2294584700531116 /* Assets.xcassets in Resources */ = {isa = PBXBuildFile; fileRef = 93C8208B2294584700531116 /* Assets.xcassets */; };
		93C8208F2294584700531116 /* LaunchScreen.storyboard in Resources */ = {isa = PBXBuildFile; fileRef = 93C8208D2294584700531116 /* LaunchScreen.storyboard */; };
		93C82098229458FA00531116 /* JSONHelper.swift in Sources */ = {isa = PBXBuildFile; fileRef = 93C82097229458FA00531116 /* JSONHelper.swift */; };
		93C8209B22945A0A00531116 /* Constant.swift in Sources */ = {isa = PBXBuildFile; fileRef = 93C8209A22945A0A00531116 /* Constant.swift */; };
		93C820A2229461B100531116 /* AirporteTableViewCell.swift in Sources */ = {isa = PBXBuildFile; fileRef = 93C820A1229461B100531116 /* AirporteTableViewCell.swift */; };
		93C820A4229461DB00531116 /* AirportTableViewModel.swift in Sources */ = {isa = PBXBuildFile; fileRef = 93C820A3229461DB00531116 /* AirportTableViewModel.swift */; };
		93C820A82294639A00531116 /* AirportTableViewCellViewModel.swift in Sources */ = {isa = PBXBuildFile; fileRef = 93C820A72294639A00531116 /* AirportTableViewCellViewModel.swift */; };
		93E227B4229583DC00785AD7 /* AirportTableNetworkDataDao.swift in Sources */ = {isa = PBXBuildFile; fileRef = 93E227B3229583DC00785AD7 /* AirportTableNetworkDataDao.swift */; };
		93E227B6229586AB00785AD7 /* Airport.swift in Sources */ = {isa = PBXBuildFile; fileRef = 93E227B5229586AB00785AD7 /* Airport.swift */; };
		93E227B8229587B400785AD7 /* UtilityHelper.swift in Sources */ = {isa = PBXBuildFile; fileRef = 93E227B7229587B400785AD7 /* UtilityHelper.swift */; };
/* End PBXBuildFile section */

/* Begin PBXFileReference section */
		47EF813645E13EFE7708E446 /* Pods-AirportFinder.release.xcconfig */ = {isa = PBXFileReference; includeInIndex = 1; lastKnownFileType = text.xcconfig; name = "Pods-AirportFinder.release.xcconfig"; path = "Target Support Files/Pods-AirportFinder/Pods-AirportFinder.release.xcconfig"; sourceTree = "<group>"; };
		51E7AD6302BCEACCB13AF85C /* Pods-AirportFinder.debug.xcconfig */ = {isa = PBXFileReference; includeInIndex = 1; lastKnownFileType = text.xcconfig; name = "Pods-AirportFinder.debug.xcconfig"; path = "Target Support Files/Pods-AirportFinder/Pods-AirportFinder.debug.xcconfig"; sourceTree = "<group>"; };
		939D60B922948EE700E70B60 /* Airports.txt */ = {isa = PBXFileReference; fileEncoding = 4; lastKnownFileType = text; path = Airports.txt; sourceTree = "<group>"; };
		939D60BD2294985000E70B60 /* AirportDetailsTableViewController.swift */ = {isa = PBXFileReference; lastKnownFileType = sourcecode.swift; path = AirportDetailsTableViewController.swift; sourceTree = "<group>"; };
		939D60C02294986E00E70B60 /* AirportDetailsTableViewModel.swift */ = {isa = PBXFileReference; lastKnownFileType = sourcecode.swift; path = AirportDetailsTableViewModel.swift; sourceTree = "<group>"; };
		939D60C32294990300E70B60 /* AirportDetailsTableViewCell.swift */ = {isa = PBXFileReference; lastKnownFileType = sourcecode.swift; path = AirportDetailsTableViewCell.swift; sourceTree = "<group>"; };
		939D60C62294992F00E70B60 /* AirportDetailsTableModel.swift */ = {isa = PBXFileReference; lastKnownFileType = sourcecode.swift; path = AirportDetailsTableModel.swift; sourceTree = "<group>"; };
		939D60C82294997500E70B60 /* AirportDetailsTableCellViewModel.swift */ = {isa = PBXFileReference; lastKnownFileType = sourcecode.swift; path = AirportDetailsTableCellViewModel.swift; sourceTree = "<group>"; };
		93C820812294584600531116 /* AirportFinder.app */ = {isa = PBXFileReference; explicitFileType = wrapper.application; includeInIndex = 0; path = AirportFinder.app; sourceTree = BUILT_PRODUCTS_DIR; };
		93C820842294584600531116 /* AppDelegate.swift */ = {isa = PBXFileReference; lastKnownFileType = sourcecode.swift; path = AppDelegate.swift; sourceTree = "<group>"; };
		93C820862294584600531116 /* AirportTableViewController.swift */ = {isa = PBXFileReference; lastKnownFileType = sourcecode.swift; path = AirportTableViewController.swift; sourceTree = "<group>"; };
		93C820892294584600531116 /* Base */ = {isa = PBXFileReference; lastKnownFileType = file.storyboard; name = Base; path = Base.lproj/Main.storyboard; sourceTree = "<group>"; };
		93C8208B2294584700531116 /* Assets.xcassets */ = {isa = PBXFileReference; lastKnownFileType = folder.assetcatalog; path = Assets.xcassets; sourceTree = "<group>"; };
		93C8208E2294584700531116 /* Base */ = {isa = PBXFileReference; lastKnownFileType = file.storyboard; name = Base; path = Base.lproj/LaunchScreen.storyboard; sourceTree = "<group>"; };
		93C820902294584700531116 /* Info.plist */ = {isa = PBXFileReference; lastKnownFileType = text.plist.xml; path = Info.plist; sourceTree = "<group>"; };
		93C82097229458FA00531116 /* JSONHelper.swift */ = {isa = PBXFileReference; lastKnownFileType = sourcecode.swift; path = JSONHelper.swift; sourceTree = "<group>"; };
		93C8209A22945A0A00531116 /* Constant.swift */ = {isa = PBXFileReference; lastKnownFileType = sourcecode.swift; path = Constant.swift; sourceTree = "<group>"; };
		93C820A1229461B100531116 /* AirporteTableViewCell.swift */ = {isa = PBXFileReference; lastKnownFileType = sourcecode.swift; path = AirporteTableViewCell.swift; sourceTree = "<group>"; };
		93C820A3229461DB00531116 /* AirportTableViewModel.swift */ = {isa = PBXFileReference; lastKnownFileType = sourcecode.swift; path = AirportTableViewModel.swift; sourceTree = "<group>"; };
		93C820A72294639A00531116 /* AirportTableViewCellViewModel.swift */ = {isa = PBXFileReference; lastKnownFileType = sourcecode.swift; path = AirportTableViewCellViewModel.swift; sourceTree = "<group>"; };
		93E227B3229583DC00785AD7 /* AirportTableNetworkDataDao.swift */ = {isa = PBXFileReference; lastKnownFileType = sourcecode.swift; path = AirportTableNetworkDataDao.swift; sourceTree = "<group>"; };
		93E227B5229586AB00785AD7 /* Airport.swift */ = {isa = PBXFileReference; lastKnownFileType = sourcecode.swift; path = Airport.swift; sourceTree = "<group>"; };
		93E227B7229587B400785AD7 /* UtilityHelper.swift */ = {isa = PBXFileReference; fileEncoding = 4; lastKnownFileType = sourcecode.swift; path = UtilityHelper.swift; sourceTree = "<group>"; };
		A057B2F27A9B0C9325B9605A /* Pods_AirportFinder.framework */ = {isa = PBXFileReference; explicitFileType = wrapper.framework; includeInIndex = 0; path = Pods_AirportFinder.framework; sourceTree = BUILT_PRODUCTS_DIR; };
/* End PBXFileReference section */

/* Begin PBXFrameworksBuildPhase section */
		93C8207E2294584600531116 /* Frameworks */ = {
			isa = PBXFrameworksBuildPhase;
			buildActionMask = 2147483647;
			files = (
				9139FCAB46DF24CCD48B2D26 /* Pods_AirportFinder.framework in Frameworks */,
			);
			runOnlyForDeploymentPostprocessing = 0;
		};
/* End PBXFrameworksBuildPhase section */

/* Begin PBXGroup section */
		939D60BB2294981400E70B60 /* AirportDetails */ = {
			isa = PBXGroup;
			children = (
				939D60C52294990800E70B60 /* Model */,
				939D60C22294987200E70B60 /* View */,
				939D60BF2294985500E70B60 /* ViewModel */,
				939D60BC2294982700E70B60 /* Controller */,
			);
			path = AirportDetails;
			sourceTree = "<group>";
		};
		939D60BC2294982700E70B60 /* Controller */ = {
			isa = PBXGroup;
			children = (
				939D60BD2294985000E70B60 /* AirportDetailsTableViewController.swift */,
			);
			path = Controller;
			sourceTree = "<group>";
		};
		939D60BF2294985500E70B60 /* ViewModel */ = {
			isa = PBXGroup;
			children = (
				939D60C02294986E00E70B60 /* AirportDetailsTableViewModel.swift */,
				939D60C82294997500E70B60 /* AirportDetailsTableCellViewModel.swift */,
			);
			path = ViewModel;
			sourceTree = "<group>";
		};
		939D60C22294987200E70B60 /* View */ = {
			isa = PBXGroup;
			children = (
				939D60C32294990300E70B60 /* AirportDetailsTableViewCell.swift */,
			);
			path = View;
			sourceTree = "<group>";
		};
		939D60C52294990800E70B60 /* Model */ = {
			isa = PBXGroup;
			children = (
				939D60C62294992F00E70B60 /* AirportDetailsTableModel.swift */,
			);
			path = Model;
			sourceTree = "<group>";
		};
		93C820782294584600531116 = {
			isa = PBXGroup;
			children = (
				93C820832294584600531116 /* AirportFinder */,
				93C820822294584600531116 /* Products */,
				A2C923D3FE0EBB80413597B1 /* Pods */,
				C3E42031F37C9BCEE9F42806 /* Frameworks */,
			);
			sourceTree = "<group>";
		};
		93C820822294584600531116 /* Products */ = {
			isa = PBXGroup;
			children = (
				93C820812294584600531116 /* AirportFinder.app */,
			);
			name = Products;
			sourceTree = "<group>";
		};
		93C820832294584600531116 /* AirportFinder */ = {
			isa = PBXGroup;
			children = (
				93C82096229458E500531116 /* Helper */,
				93C8209C2294611400531116 /* AirportList */,
				939D60BB2294981400E70B60 /* AirportDetails */,
				93C820842294584600531116 /* AppDelegate.swift */,
				93C820882294584600531116 /* Main.storyboard */,
				93C8208B2294584700531116 /* Assets.xcassets */,
				93C8208D2294584700531116 /* LaunchScreen.storyboard */,
				93C820902294584700531116 /* Info.plist */,
			);
			path = AirportFinder;
			sourceTree = "<group>";
		};
		93C82096229458E500531116 /* Helper */ = {
			isa = PBXGroup;
			children = (
				93E227B5229586AB00785AD7 /* Airport.swift */,
				93C82097229458FA00531116 /* JSONHelper.swift */,
				93C8209A22945A0A00531116 /* Constant.swift */,
				93E227B7229587B400785AD7 /* UtilityHelper.swift */,
				939D60B922948EE700E70B60 /* Airports.txt */,
			);
			path = Helper;
			sourceTree = "<group>";
		};
		93C8209C2294611400531116 /* AirportList */ = {
			isa = PBXGroup;
			children = (
				93C820AD229488C700531116 /* NetworkDao */,
				93C8209F2294615600531116 /* ViewModel */,
				93C8209E2294614F00531116 /* View */,
				93C8209D2294612F00531116 /* Controller */,
			);
			path = AirportList;
			sourceTree = "<group>";
		};
		93C8209D2294612F00531116 /* Controller */ = {
			isa = PBXGroup;
			children = (
				93C820862294584600531116 /* AirportTableViewController.swift */,
			);
			path = Controller;
			sourceTree = "<group>";
		};
		93C8209E2294614F00531116 /* View */ = {
			isa = PBXGroup;
			children = (
				93C820A1229461B100531116 /* AirporteTableViewCell.swift */,
			);
			path = View;
			sourceTree = "<group>";
		};
		93C8209F2294615600531116 /* ViewModel */ = {
			isa = PBXGroup;
			children = (
				93C820A3229461DB00531116 /* AirportTableViewModel.swift */,
				93C820A72294639A00531116 /* AirportTableViewCellViewModel.swift */,
			);
			path = ViewModel;
			sourceTree = "<group>";
		};
		93C820AD229488C700531116 /* NetworkDao */ = {
			isa = PBXGroup;
			children = (
				93E227B3229583DC00785AD7 /* AirportTableNetworkDataDao.swift */,
			);
			path = NetworkDao;
			sourceTree = "<group>";
		};
		A2C923D3FE0EBB80413597B1 /* Pods */ = {
			isa = PBXGroup;
			children = (
				51E7AD6302BCEACCB13AF85C /* Pods-AirportFinder.debug.xcconfig */,
				47EF813645E13EFE7708E446 /* Pods-AirportFinder.release.xcconfig */,
			);
			name = Pods;
			path = Pods;
			sourceTree = "<group>";
		};
		C3E42031F37C9BCEE9F42806 /* Frameworks */ = {
			isa = PBXGroup;
			children = (
				A057B2F27A9B0C9325B9605A /* Pods_AirportFinder.framework */,
			);
			name = Frameworks;
			sourceTree = "<group>";
		};
/* End PBXGroup section */

/* Begin PBXNativeTarget section */
		93C820802294584600531116 /* AirportFinder */ = {
			isa = PBXNativeTarget;
			buildConfigurationList = 93C820932294584700531116 /* Build configuration list for PBXNativeTarget "AirportFinder" */;
			buildPhases = (
				9DE3D99D56435174E240A85D /* [CP] Check Pods Manifest.lock */,
				93C8207D2294584600531116 /* Sources */,
				93C8207E2294584600531116 /* Frameworks */,
				93C8207F2294584600531116 /* Resources */,
				A38F0D9F25144EF33316AE6C /* [CP] Embed Pods Frameworks */,
			);
			buildRules = (
			);
			dependencies = (
			);
			name = AirportFinder;
			productName = AirportFinder;
			productReference = 93C820812294584600531116 /* AirportFinder.app */;
			productType = "com.apple.product-type.application";
		};
/* End PBXNativeTarget section */

/* Begin PBXProject section */
		93C820792294584600531116 /* Project object */ = {
			isa = PBXProject;
			attributes = {
				LastSwiftUpdateCheck = 1020;
				LastUpgradeCheck = 1020;
				ORGANIZATIONNAME = amee;
				TargetAttributes = {
					93C820802294584600531116 = {
						CreatedOnToolsVersion = 10.2;
					};
				};
			};
			buildConfigurationList = 93C8207C2294584600531116 /* Build configuration list for PBXProject "AirportFinder" */;
			compatibilityVersion = "Xcode 9.3";
			developmentRegion = en;
			hasScannedForEncodings = 0;
			knownRegions = (
				en,
				Base,
			);
			mainGroup = 93C820782294584600531116;
			productRefGroup = 93C820822294584600531116 /* Products */;
			projectDirPath = "";
			projectRoot = "";
			targets = (
				93C820802294584600531116 /* AirportFinder */,
			);
		};
/* End PBXProject section */

/* Begin PBXResourcesBuildPhase section */
		93C8207F2294584600531116 /* Resources */ = {
			isa = PBXResourcesBuildPhase;
			buildActionMask = 2147483647;
			files = (
				93C8208F2294584700531116 /* LaunchScreen.storyboard in Resources */,
				93C8208C2294584700531116 /* Assets.xcassets in Resources */,
				939D60BA22948EE700E70B60 /* Airports.txt in Resources */,
				93C8208A2294584600531116 /* Main.storyboard in Resources */,
			);
			runOnlyForDeploymentPostprocessing = 0;
		};
/* End PBXResourcesBuildPhase section */

/* Begin PBXShellScriptBuildPhase section */
		9DE3D99D56435174E240A85D /* [CP] Check Pods Manifest.lock */ = {
			isa = PBXShellScriptBuildPhase;
			buildActionMask = 2147483647;
			files = (
			);
			inputFileListPaths = (
			);
			inputPaths = (
				"${PODS_PODFILE_DIR_PATH}/Podfile.lock",
				"${PODS_ROOT}/Manifest.lock",
			);
			name = "[CP] Check Pods Manifest.lock";
			outputFileListPaths = (
			);
			outputPaths = (
				"$(DERIVED_FILE_DIR)/Pods-AirportFinder-checkManifestLockResult.txt",
			);
			runOnlyForDeploymentPostprocessing = 0;
			shellPath = /bin/sh;
			shellScript = "diff \"${PODS_PODFILE_DIR_PATH}/Podfile.lock\" \"${PODS_ROOT}/Manifest.lock\" > /dev/null\nif [ $? != 0 ] ; then\n    # print error to STDERR\n    echo \"error: The sandbox is not in sync with the Podfile.lock. Run 'pod install' or update your CocoaPods installation.\" >&2\n    exit 1\nfi\n# This output is used by Xcode 'outputs' to avoid re-running this script phase.\necho \"SUCCESS\" > \"${SCRIPT_OUTPUT_FILE_0}\"\n";
			showEnvVarsInLog = 0;
		};
		A38F0D9F25144EF33316AE6C /* [CP] Embed Pods Frameworks */ = {
			isa = PBXShellScriptBuildPhase;
			buildActionMask = 2147483647;
			files = (
			);
			inputFileListPaths = (
			);
			inputPaths = (
				"${PODS_ROOT}/Target Support Files/Pods-AirportFinder/Pods-AirportFinder-frameworks.sh",
				"${BUILT_PRODUCTS_DIR}/ReactiveSwift/ReactiveSwift.framework",
				"${BUILT_PRODUCTS_DIR}/Result/Result.framework",
			);
			name = "[CP] Embed Pods Frameworks";
			outputFileListPaths = (
			);
			outputPaths = (
				"${TARGET_BUILD_DIR}/${FRAMEWORKS_FOLDER_PATH}/ReactiveSwift.framework",
				"${TARGET_BUILD_DIR}/${FRAMEWORKS_FOLDER_PATH}/Result.framework",
			);
			runOnlyForDeploymentPostprocessing = 0;
			shellPath = /bin/sh;
			shellScript = "\"${PODS_ROOT}/Target Support Files/Pods-AirportFinder/Pods-AirportFinder-frameworks.sh\"\n";
			showEnvVarsInLog = 0;
		};
/* End PBXShellScriptBuildPhase section */

/* Begin PBXSourcesBuildPhase section */
		93C8207D2294584600531116 /* Sources */ = {
			isa = PBXSourcesBuildPhase;
			buildActionMask = 2147483647;
			files = (
				93E227B4229583DC00785AD7 /* AirportTableNetworkDataDao.swift in Sources */,
				93C82098229458FA00531116 /* JSONHelper.swift in Sources */,
				93C820872294584600531116 /* AirportTableViewController.swift in Sources */,
				93E227B6229586AB00785AD7 /* Airport.swift in Sources */,
				93C820852294584600531116 /* AppDelegate.swift in Sources */,
				939D60C12294986E00E70B60 /* AirportDetailsTableViewModel.swift in Sources */,
				939D60C72294992F00E70B60 /* AirportDetailsTableModel.swift in Sources */,
				93C820A4229461DB00531116 /* AirportTableViewModel.swift in Sources */,
				939D60C92294997500E70B60 /* AirportDetailsTableCellViewModel.swift in Sources */,
				93C8209B22945A0A00531116 /* Constant.swift in Sources */,
				93C820A82294639A00531116 /* AirportTableViewCellViewModel.swift in Sources */,
				93C820A2229461B100531116 /* AirporteTableViewCell.swift in Sources */,
				939D60BE2294985000E70B60 /* AirportDetailsTableViewController.swift in Sources */,
				939D60C42294990300E70B60 /* AirportDetailsTableViewCell.swift in Sources */,
				93E227B8229587B400785AD7 /* UtilityHelper.swift in Sources */,
			);
			runOnlyForDeploymentPostprocessing = 0;
		};
/* End PBXSourcesBuildPhase section */

/* Begin PBXVariantGroup section */
		93C820882294584600531116 /* Main.storyboard */ = {
			isa = PBXVariantGroup;
			children = (
				93C820892294584600531116 /* Base */,
			);
			name = Main.storyboard;
			sourceTree = "<group>";
		};
		93C8208D2294584700531116 /* LaunchScreen.storyboard */ = {
			isa = PBXVariantGroup;
			children = (
				93C8208E2294584700531116 /* Base */,
			);
			name = LaunchScreen.storyboard;
			sourceTree = "<group>";
		};
/* End PBXVariantGroup section */

/* Begin XCBuildConfiguration section */
		93C820912294584700531116 /* Debug */ = {
			isa = XCBuildConfiguration;
			buildSettings = {
				ALWAYS_SEARCH_USER_PATHS = NO;
				CLANG_ANALYZER_NONNULL = YES;
				CLANG_ANALYZER_NUMBER_OBJECT_CONVERSION = YES_AGGRESSIVE;
				CLANG_CXX_LANGUAGE_STANDARD = "gnu++14";
				CLANG_CXX_LIBRARY = "libc++";
				CLANG_ENABLE_MODULES = YES;
				CLANG_ENABLE_OBJC_ARC = YES;
				CLANG_ENABLE_OBJC_WEAK = YES;
				CLANG_WARN_BLOCK_CAPTURE_AUTORELEASING = YES;
				CLANG_WARN_BOOL_CONVERSION = YES;
				CLANG_WARN_COMMA = YES;
				CLANG_WARN_CONSTANT_CONVERSION = YES;
				CLANG_WARN_DEPRECATED_OBJC_IMPLEMENTATIONS = YES;
				CLANG_WARN_DIRECT_OBJC_ISA_USAGE = YES_ERROR;
				CLANG_WARN_DOCUMENTATION_COMMENTS = YES;
				CLANG_WARN_EMPTY_BODY = YES;
				CLANG_WARN_ENUM_CONVERSION = YES;
				CLANG_WARN_INFINITE_RECURSION = YES;
				CLANG_WARN_INT_CONVERSION = YES;
				CLANG_WARN_NON_LITERAL_NULL_CONVERSION = YES;
				CLANG_WARN_OBJC_IMPLICIT_RETAIN_SELF = YES;
				CLANG_WARN_OBJC_LITERAL_CONVERSION = YES;
				CLANG_WARN_OBJC_ROOT_CLASS = YES_ERROR;
				CLANG_WARN_RANGE_LOOP_ANALYSIS = YES;
				CLANG_WARN_STRICT_PROTOTYPES = YES;
				CLANG_WARN_SUSPICIOUS_MOVE = YES;
				CLANG_WARN_UNGUARDED_AVAILABILITY = YES_AGGRESSIVE;
				CLANG_WARN_UNREACHABLE_CODE = YES;
				CLANG_WARN__DUPLICATE_METHOD_MATCH = YES;
				CODE_SIGN_IDENTITY = "iPhone Developer";
				COPY_PHASE_STRIP = NO;
				DEBUG_INFORMATION_FORMAT = dwarf;
				ENABLE_STRICT_OBJC_MSGSEND = YES;
				ENABLE_TESTABILITY = YES;
				GCC_C_LANGUAGE_STANDARD = gnu11;
				GCC_DYNAMIC_NO_PIC = NO;
				GCC_NO_COMMON_BLOCKS = YES;
				GCC_OPTIMIZATION_LEVEL = 0;
				GCC_PREPROCESSOR_DEFINITIONS = (
					"DEBUG=1",
					"$(inherited)",
				);
				GCC_WARN_64_TO_32_BIT_CONVERSION = YES;
				GCC_WARN_ABOUT_RETURN_TYPE = YES_ERROR;
				GCC_WARN_UNDECLARED_SELECTOR = YES;
				GCC_WARN_UNINITIALIZED_AUTOS = YES_AGGRESSIVE;
				GCC_WARN_UNUSED_FUNCTION = YES;
				GCC_WARN_UNUSED_VARIABLE = YES;
				IPHONEOS_DEPLOYMENT_TARGET = 12.2;
				MTL_ENABLE_DEBUG_INFO = INCLUDE_SOURCE;
				MTL_FAST_MATH = YES;
				ONLY_ACTIVE_ARCH = YES;
				SDKROOT = iphoneos;
				SWIFT_ACTIVE_COMPILATION_CONDITIONS = DEBUG;
				SWIFT_OPTIMIZATION_LEVEL = "-Onone";
			};
			name = Debug;
		};
		93C820922294584700531116 /* Release */ = {
			isa = XCBuildConfiguration;
			buildSettings = {
				ALWAYS_SEARCH_USER_PATHS = NO;
				CLANG_ANALYZER_NONNULL = YES;
				CLANG_ANALYZER_NUMBER_OBJECT_CONVERSION = YES_AGGRESSIVE;
				CLANG_CXX_LANGUAGE_STANDARD = "gnu++14";
				CLANG_CXX_LIBRARY = "libc++";
				CLANG_ENABLE_MODULES = YES;
				CLANG_ENABLE_OBJC_ARC = YES;
				CLANG_ENABLE_OBJC_WEAK = YES;
				CLANG_WARN_BLOCK_CAPTURE_AUTORELEASING = YES;
				CLANG_WARN_BOOL_CONVERSION = YES;
				CLANG_WARN_COMMA = YES;
				CLANG_WARN_CONSTANT_CONVERSION = YES;
				CLANG_WARN_DEPRECATED_OBJC_IMPLEMENTATIONS = YES;
				CLANG_WARN_DIRECT_OBJC_ISA_USAGE = YES_ERROR;
				CLANG_WARN_DOCUMENTATION_COMMENTS = YES;
				CLANG_WARN_EMPTY_BODY = YES;
				CLANG_WARN_ENUM_CONVERSION = YES;
				CLANG_WARN_INFINITE_RECURSION = YES;
				CLANG_WARN_INT_CONVERSION = YES;
				CLANG_WARN_NON_LITERAL_NULL_CONVERSION = YES;
				CLANG_WARN_OBJC_IMPLICIT_RETAIN_SELF = YES;
				CLANG_WARN_OBJC_LITERAL_CONVERSION = YES;
				CLANG_WARN_OBJC_ROOT_CLASS = YES_ERROR;
				CLANG_WARN_RANGE_LOOP_ANALYSIS = YES;
				CLANG_WARN_STRICT_PROTOTYPES = YES;
				CLANG_WARN_SUSPICIOUS_MOVE = YES;
				CLANG_WARN_UNGUARDED_AVAILABILITY = YES_AGGRESSIVE;
				CLANG_WARN_UNREACHABLE_CODE = YES;
				CLANG_WARN__DUPLICATE_METHOD_MATCH = YES;
				CODE_SIGN_IDENTITY = "iPhone Developer";
				COPY_PHASE_STRIP = NO;
				DEBUG_INFORMATION_FORMAT = "dwarf-with-dsym";
				ENABLE_NS_ASSERTIONS = NO;
				ENABLE_STRICT_OBJC_MSGSEND = YES;
				GCC_C_LANGUAGE_STANDARD = gnu11;
				GCC_NO_COMMON_BLOCKS = YES;
				GCC_WARN_64_TO_32_BIT_CONVERSION = YES;
				GCC_WARN_ABOUT_RETURN_TYPE = YES_ERROR;
				GCC_WARN_UNDECLARED_SELECTOR = YES;
				GCC_WARN_UNINITIALIZED_AUTOS = YES_AGGRESSIVE;
				GCC_WARN_UNUSED_FUNCTION = YES;
				GCC_WARN_UNUSED_VARIABLE = YES;
				IPHONEOS_DEPLOYMENT_TARGET = 12.2;
				MTL_ENABLE_DEBUG_INFO = NO;
				MTL_FAST_MATH = YES;
				SDKROOT = iphoneos;
				SWIFT_COMPILATION_MODE = wholemodule;
				SWIFT_OPTIMIZATION_LEVEL = "-O";
				VALIDATE_PRODUCT = YES;
			};
			name = Release;
		};
		93C820942294584700531116 /* Debug */ = {
			isa = XCBuildConfiguration;
			baseConfigurationReference = 51E7AD6302BCEACCB13AF85C /* Pods-AirportFinder.debug.xcconfig */;
			buildSettings = {
				ASSETCATALOG_COMPILER_APPICON_NAME = AppIcon;
				CODE_SIGN_STYLE = Automatic;
				DEVELOPMENT_TEAM = Y8HFLM8668;
				INFOPLIST_FILE = AirportFinder/Info.plist;
				LD_RUNPATH_SEARCH_PATHS = (
					"$(inherited)",
					"@executable_path/Frameworks",
				);
				PRODUCT_BUNDLE_IDENTIFIER = com.myorg.AirportFinder;
				PRODUCT_NAME = "$(TARGET_NAME)";
				SWIFT_VERSION = 5.0;
				TARGETED_DEVICE_FAMILY = "1,2";
			};
			name = Debug;
		};
		93C820952294584700531116 /* Release */ = {
			isa = XCBuildConfiguration;
			baseConfigurationReference = 47EF813645E13EFE7708E446 /* Pods-AirportFinder.release.xcconfig */;
			buildSettings = {
				ASSETCATALOG_COMPILER_APPICON_NAME = AppIcon;
				CODE_SIGN_STYLE = Automatic;
				DEVELOPMENT_TEAM = Y8HFLM8668;
				INFOPLIST_FILE = AirportFinder/Info.plist;
				LD_RUNPATH_SEARCH_PATHS = (
					"$(inherited)",
					"@executable_path/Frameworks",
				);
				PRODUCT_BUNDLE_IDENTIFIER = com.myorg.AirportFinder;
				PRODUCT_NAME = "$(TARGET_NAME)";
				SWIFT_VERSION = 5.0;
				TARGETED_DEVICE_FAMILY = "1,2";
			};
			name = Release;
		};
/* End XCBuildConfiguration section */

/* Begin XCConfigurationList section */
		93C8207C2294584600531116 /* Build configuration list for PBXProject "AirportFinder" */ = {
			isa = XCConfigurationList;
			buildConfigurations = (
				93C820912294584700531116 /* Debug */,
				93C820922294584700531116 /* Release */,
			);
			defaultConfigurationIsVisible = 0;
			defaultConfigurationName = Release;
		};
		93C820932294584700531116 /* Build configuration list for PBXNativeTarget "AirportFinder" */ = {
			isa = XCConfigurationList;
			buildConfigurations = (
				93C820942294584700531116 /* Debug */,
				93C820952294584700531116 /* Release */,
			);
			defaultConfigurationIsVisible = 0;
			defaultConfigurationName = Release;
		};
/* End XCConfigurationList section */
	};
	rootObject = 93C820792294584600531116 /* Project object */;
}
